
Microsoft Visual Studio Solution File, Format Version 12.00
# Visual Studio Version 16
VisualStudioVersion = 16.0.30804.86
MinimumVisualStudioVersion = 10.0.40219.1
Project("{FAE04EC0-301F-11D3-BF4B-00C04F79EFBC}") = "WeatherAccounter", "WeatherAccounter\WeatherAccounter.csproj", "{0BB3A382-32C7-42BA-A86B-C5D07A50CC4A}"
EndProject
Project("{FAE04EC0-301F-11D3-BF4B-00C04F79EFBC}") = "WeatherAccounter.DAL", "WeatherAccounter.DAL\WeatherAccounter.DAL.csproj", "{FA802FEB-D84B-4011-9350-14CD250D1C78}"
EndProject
Project("{FAE04EC0-301F-11D3-BF4B-00C04F79EFBC}") = "WeatherAccounter.BL", "WeatherAccounter.BL\WeatherAccounter.BL.csproj", "{1891ACE5-226D-4D67-B1E2-1B22433CFC49}"
EndProject
Project("{FAE04EC0-301F-11D3-BF4B-00C04F79EFBC}") = "WeatherAccounter.Models", "WeatherAccounter.Models\WeatherAccounter.Models.csproj", "{73D849C1-F6BD-426D-A527-7BC0B7FF2077}"
EndProject
Global
	GlobalSection(SolutionConfigurationPlatforms) = preSolution
		Debug|Any CPU = Debug|Any CPU
		Release|Any CPU = Release|Any CPU
	EndGlobalSection
	GlobalSection(ProjectConfigurationPlatforms) = postSolution
		{0BB3A382-32C7-42BA-A86B-C5D07A50CC4A}.Debug|Any CPU.ActiveCfg = Debug|Any CPU
		{0BB3A382-32C7-42BA-A86B-C5D07A50CC4A}.Debug|Any CPU.Build.0 = Debug|Any CPU
		{0BB3A382-32C7-42BA-A86B-C5D07A50CC4A}.Release|Any CPU.ActiveCfg = Release|Any CPU
		{0BB3A382-32C7-42BA-A86B-C5D07A50CC4A}.Release|Any CPU.Build.0 = Release|Any CPU
		{FA802FEB-D84B-4011-9350-14CD250D1C78}.Debug|Any CPU.ActiveCfg = Debug|Any CPU
		{FA802FEB-D84B-4011-9350-14CD250D1C78}.Debug|Any CPU.Build.0 = Debug|Any CPU
		{FA802FEB-D84B-4011-9350-14CD250D1C78}.Release|Any CPU.ActiveCfg = Release|Any CPU
		{FA802FEB-D84B-4011-9350-14CD250D1C78}.Release|Any CPU.Build.0 = Release|Any CPU
		{1891ACE5-226D-4D67-B1E2-1B22433CFC49}.Debug|Any CPU.ActiveCfg = Debug|Any CPU
		{1891ACE5-226D-4D67-B1E2-1B22433CFC49}.Debug|Any CPU.Build.0 = Debug|Any CPU
		{1891ACE5-226D-4D67-B1E2-1B22433CFC49}.Release|Any CPU.ActiveCfg = Release|Any CPU
		{1891ACE5-226D-4D67-B1E2-1B22433CFC49}.Release|Any CPU.Build.0 = Release|Any CPU
		{73D849C1-F6BD-426D-A527-7BC0B7FF2077}.Debug|Any CPU.ActiveCfg = Debug|Any CPU
		{73D849C1-F6BD-426D-A527-7BC0B7FF2077}.Debug|Any CPU.Build.0 = Debug|Any CPU
		{73D849C1-F6BD-426D-A527-7BC0B7FF2077}.Release|Any CPU.ActiveCfg = Release|Any CPU
		{73D849C1-F6BD-426D-A527-7BC0B7FF2077}.Release|Any CPU.Build.0 = Release|Any CPU
	EndGlobalSection
	GlobalSection(SolutionProperties) = preSolution
		HideSolutionNode = FALSE
	EndGlobalSection
	GlobalSection(ExtensibilityGlobals) = postSolution
		SolutionGuid = {52A8CE3E-71B3-41AF-8EE8-63BCBCB6A26F}
	EndGlobalSection
EndGlobal
